<?xml version="1.0" encoding="utf-8"?>
<Project ToolsVersion="4.0" xmlns="http://schemas.microsoft.com/developer/msbuild/2003">
  <ItemGroup>
    <Filter Include="Source Files">
      <UniqueIdentifier>{4FC737F1-C7A5-4376-A066-2A32D752A2FF}</UniqueIdentifier>
      <Extensions>cpp;c;cc;cxx;def;odl;idl;hpj;bat;asm;asmx</Extensions>
    </Filter>
    <Filter Include="Header Files">
      <UniqueIdentifier>{93995380-89BD-4b04-88EB-625FBE52EBFB}</UniqueIdentifier>
      <Extensions>h;hh;hpp;hxx;hm;inl;inc;xsd</Extensions>
    </Filter>
    <Filter Include="Resource Files">
      <UniqueIdentifier>{67DA6AB6-F800-4c08-8B7A-83BB121AAD01}</UniqueIdentifier>
      <Extensions>rc;ico;cur;bmp;dlg;rc2;rct;bin;rgs;gif;jpg;jpeg;jpe;resx;tiff;tif;png;wav</Extensions>
    </Filter>
    <Filter Include="Windows PAL">
      <UniqueIdentifier>{3469b754-ff27-4297-ae6a-575e7adb69dd}</UniqueIdentifier>
    </Filter>
  </ItemGroup>
  <ItemGroup>
    <ClCompile Include="src\analyze.cpp">
      <Filter>Source Files</Filter>
    </ClCompile>
    <ClCompile Include="src\arena.cpp">
      <Filter>Source Files</Filter>
    </ClCompile>
    <ClCompile Include="src\assume.cpp">
      <Filter>Source Files</Filter>
    </ClCompile>
    <ClCompile Include="src\averages.cpp">
      <Filter>Source Files</Filter>
    </ClCompile>
    <ClCompile Include="src\backtrack.cpp">
      <Filter>Source Files</Filter>
    </ClCompile>
    <ClCompile Include="src\backward.cpp">
      <Filter>Source Files</Filter>
    </ClCompile>
    <ClCompile Include="src\bins.cpp">
      <Filter>Source Files</Filter>
    </ClCompile>
    <ClCompile Include="src\block.cpp">
      <Filter>Source Files</Filter>
    </ClCompile>
    <ClCompile Include="src\cadical.cpp">
      <Filter>Source Files</Filter>
    </ClCompile>
    <ClCompile Include="src\ccadical.cpp">
      <Filter>Source Files</Filter>
    </ClCompile>
    <ClCompile Include="src\checker.cpp">
      <Filter>Source Files</Filter>
    </ClCompile>
    <ClCompile Include="src\clause.cpp">
      <Filter>Source Files</Filter>
    </ClCompile>
    <ClCompile Include="src\collect.cpp">
      <Filter>Source Files</Filter>
    </ClCompile>
    <ClCompile Include="src\compact.cpp">
      <Filter>Source Files</Filter>
    </ClCompile>
    <ClCompile Include="src\condition.cpp">
      <Filter>Source Files</Filter>
    </ClCompile>
    <ClCompile Include="src\config.cpp">
      <Filter>Source Files</Filter>
    </ClCompile>
    <ClCompile Include="src\cover.cpp">
      <Filter>Source Files</Filter>
    </ClCompile>
    <ClCompile Include="src\decide.cpp">
      <Filter>Source Files</Filter>
    </ClCompile>
    <ClCompile Include="src\decompose.cpp">
      <Filter>Source Files</Filter>
    </ClCompile>
    <ClCompile Include="src\deduplicate.cpp">
      <Filter>Source Files</Filter>
    </ClCompile>
    <ClCompile Include="src\elim.cpp">
      <Filter>Source Files</Filter>
    </ClCompile>
    <ClCompile Include="src\ema.cpp">
      <Filter>Source Files</Filter>
    </ClCompile>
    <ClCompile Include="src\extend.cpp">
      <Filter>Source Files</Filter>
    </ClCompile>
    <ClCompile Include="src\file.cpp">
      <Filter>Source Files</Filter>
    </ClCompile>
    <ClCompile Include="src\flags.cpp">
      <Filter>Source Files</Filter>
    </ClCompile>
    <ClCompile Include="src\format.cpp">
      <Filter>Source Files</Filter>
    </ClCompile>
    <ClCompile Include="src\gates.cpp">
      <Filter>Source Files</Filter>
    </ClCompile>
    <ClCompile Include="src\instantiate.cpp">
      <Filter>Source Files</Filter>
    </ClCompile>
    <ClCompile Include="src\internal.cpp">
      <Filter>Source Files</Filter>
    </ClCompile>
    <ClCompile Include="src\ipasir.cpp">
      <Filter>Source Files</Filter>
    </ClCompile>
    <ClCompile Include="src\limit.cpp">
      <Filter>Source Files</Filter>
    </ClCompile>
    <ClCompile Include="src\logging.cpp">
      <Filter>Source Files</Filter>
    </ClCompile>
    <ClCompile Include="src\lucky.cpp">
      <Filter>Source Files</Filter>
    </ClCompile>
    <ClCompile Include="src\message.cpp">
      <Filter>Source Files</Filter>
    </ClCompile>
    <ClCompile Include="src\minimize.cpp">
      <Filter>Source Files</Filter>
    </ClCompile>
    <ClCompile Include="src\occs.cpp">
      <Filter>Source Files</Filter>
    </ClCompile>
    <ClCompile Include="src\options.cpp">
      <Filter>Source Files</Filter>
    </ClCompile>
    <ClCompile Include="src\parse.cpp">
      <Filter>Source Files</Filter>
    </ClCompile>
    <ClCompile Include="src\phases.cpp">
      <Filter>Source Files</Filter>
    </ClCompile>
    <ClCompile Include="src\probe.cpp">
      <Filter>Source Files</Filter>
    </ClCompile>
    <ClCompile Include="src\profile.cpp">
      <Filter>Source Files</Filter>
    </ClCompile>
    <ClCompile Include="src\proof.cpp">
      <Filter>Source Files</Filter>
    </ClCompile>
    <ClCompile Include="src\propagate.cpp">
      <Filter>Source Files</Filter>
    </ClCompile>
    <ClCompile Include="src\queue.cpp">
      <Filter>Source Files</Filter>
    </ClCompile>
    <ClCompile Include="src\random.cpp">
      <Filter>Source Files</Filter>
    </ClCompile>
    <ClCompile Include="src\reduce.cpp">
      <Filter>Source Files</Filter>
    </ClCompile>
    <ClCompile Include="src\rephase.cpp">
      <Filter>Source Files</Filter>
    </ClCompile>
    <ClCompile Include="src\report.cpp">
      <Filter>Source Files</Filter>
    </ClCompile>
    <ClCompile Include="src\resources.cpp">
      <Filter>Source Files</Filter>
    </ClCompile>
    <ClCompile Include="src\restart.cpp">
      <Filter>Source Files</Filter>
    </ClCompile>
    <ClCompile Include="src\restore.cpp">
      <Filter>Source Files</Filter>
    </ClCompile>
    <ClCompile Include="src\score.cpp">
      <Filter>Source Files</Filter>
    </ClCompile>
    <ClCompile Include="src\signal.cpp">
      <Filter>Source Files</Filter>
    </ClCompile>
    <ClCompile Include="src\solution.cpp">
      <Filter>Source Files</Filter>
    </ClCompile>
    <ClCompile Include="src\solver.cpp">
      <Filter>Source Files</Filter>
    </ClCompile>
    <ClCompile Include="src\stats.cpp">
      <Filter>Source Files</Filter>
    </ClCompile>
    <ClCompile Include="src\subsume.cpp">
      <Filter>Source Files</Filter>
    </ClCompile>
    <ClCompile Include="src\terminal.cpp">
      <Filter>Source Files</Filter>
    </ClCompile>
    <ClCompile Include="src\ternary.cpp">
      <Filter>Source Files</Filter>
    </ClCompile>
    <ClCompile Include="src\tracer.cpp">
      <Filter>Source Files</Filter>
    </ClCompile>
    <ClCompile Include="src\transred.cpp">
      <Filter>Source Files</Filter>
    </ClCompile>
    <ClCompile Include="src\util.cpp">
      <Filter>Source Files</Filter>
    </ClCompile>
    <ClCompile Include="src\var.cpp">
      <Filter>Source Files</Filter>
    </ClCompile>
    <ClCompile Include="src\version.cpp">
      <Filter>Source Files</Filter>
    </ClCompile>
    <ClCompile Include="src\vivify.cpp">
      <Filter>Source Files</Filter>
    </ClCompile>
    <ClCompile Include="src\walk.cpp">
      <Filter>Source Files</Filter>
    </ClCompile>
    <ClCompile Include="src\watch.cpp">
      <Filter>Source Files</Filter>
    </ClCompile>
    <ClCompile Include="src\pal-win\unistd.c">
      <Filter>Windows PAL</Filter>
    </ClCompile>
    <ClCompile Include="src\external.cpp">
      <Filter>Source Files</Filter>
    </ClCompile>
    <ClCompile Include="src\contract.cpp">
      <Filter>Source Files</Filter>
    </ClCompile>
    <ClCompile Include="src\lookahead.cpp">
      <Filter>Source Files</Filter>
    </ClCompile>
    <ClCompile Include="src\reap.cpp">
      <Filter>Source Files</Filter>
    </ClCompile>
    <ClCompile Include="src\shrink.cpp">
      <Filter>Source Files</Filter>
    </ClCompile>
    <ClCompile Include="src\constrain.cpp">
      <Filter>Source Files</Filter>
    </ClCompile>
  </ItemGroup>
  <ItemGroup>
    <ClInclude Include="src\ccadical.h">
      <Filter>Header Files</Filter>
    </ClInclude>
    <ClInclude Include="src\ipasir.h">
      <Filter>Header Files</Filter>
    </ClInclude>
    <ClInclude Include="src\arena.hpp">
      <Filter>Header Files</Filter>
    </ClInclude>
    <ClInclude Include="src\averages.hpp">
      <Filter>Header Files</Filter>
    </ClInclude>
    <ClInclude Include="src\bins.hpp">
      <Filter>Header Files</Filter>
    </ClInclude>
    <ClInclude Include="src\block.hpp">
      <Filter>Header Files</Filter>
    </ClInclude>
    <ClInclude Include="src\cadical.hpp">
      <Filter>Header Files</Filter>
    </ClInclude>
    <ClInclude Include="src\checker.hpp">
      <Filter>Header Files</Filter>
    </ClInclude>
    <ClInclude Include="src\clause.hpp">
      <Filter>Header Files</Filter>
    </ClInclude>
    <ClInclude Include="src\config.hpp">
      <Filter>Header Files</Filter>
    </ClInclude>
    <ClInclude Include="src\contract.hpp">
      <Filter>Header Files</Filter>
    </ClInclude>
    <ClInclude Include="src\cover.hpp">
      <Filter>Header Files</Filter>
    </ClInclude>
    <ClInclude Include="src\elim.hpp">
      <Filter>Header Files</Filter>
    </ClInclude>
    <ClInclude Include="src\ema.hpp">
      <Filter>Header Files</Filter>
    </ClInclude>
    <ClInclude Include="src\external.hpp">
      <Filter>Header Files</Filter>
    </ClInclude>
    <ClInclude Include="src\file.hpp">
      <Filter>Header Files</Filter>
    </ClInclude>
    <ClInclude Include="src\flags.hpp">
      <Filter>Header Files</Filter>
    </ClInclude>
    <ClInclude Include="src\format.hpp">
      <Filter>Header Files</Filter>
    </ClInclude>
    <ClInclude Include="src\heap.hpp">
      <Filter>Header Files</Filter>
    </ClInclude>
    <ClInclude Include="src\instantiate.hpp">
      <Filter>Header Files</Filter>
    </ClInclude>
    <ClInclude Include="src\internal.hpp">
      <Filter>Header Files</Filter>
    </ClInclude>
    <ClInclude Include="src\level.hpp">
      <Filter>Header Files</Filter>
    </ClInclude>
    <ClInclude Include="src\limit.hpp">
      <Filter>Header Files</Filter>
    </ClInclude>
    <ClInclude Include="src\logging.hpp">
      <Filter>Header Files</Filter>
    </ClInclude>
    <ClInclude Include="src\message.hpp">
      <Filter>Header Files</Filter>
    </ClInclude>
    <ClInclude Include="src\observer.hpp">
      <Filter>Header Files</Filter>
    </ClInclude>
    <ClInclude Include="src\occs.hpp">
      <Filter>Header Files</Filter>
    </ClInclude>
    <ClInclude Include="src\options.hpp">
      <Filter>Header Files</Filter>
    </ClInclude>
    <ClInclude Include="src\parse.hpp">
      <Filter>Header Files</Filter>
    </ClInclude>
    <ClInclude Include="src\phases.hpp">
      <Filter>Header Files</Filter>
    </ClInclude>
    <ClInclude Include="src\profile.hpp">
      <Filter>Header Files</Filter>
    </ClInclude>
    <ClInclude Include="src\proof.hpp">
      <Filter>Header Files</Filter>
    </ClInclude>
    <ClInclude Include="src\queue.hpp">
      <Filter>Header Files</Filter>
    </ClInclude>
    <ClInclude Include="src\radix.hpp">
      <Filter>Header Files</Filter>
    </ClInclude>
    <ClInclude Include="src\random.hpp">
      <Filter>Header Files</Filter>
    </ClInclude>
    <ClInclude Include="src\reluctant.hpp">
      <Filter>Header Files</Filter>
    </ClInclude>
    <ClInclude Include="src\resources.hpp">
      <Filter>Header Files</Filter>
    </ClInclude>
    <ClInclude Include="src\score.hpp">
      <Filter>Header Files</Filter>
    </ClInclude>
    <ClInclude Include="src\signal.hpp">
      <Filter>Header Files</Filter>
    </ClInclude>
    <ClInclude Include="src\stats.hpp">
      <Filter>Header Files</Filter>
    </ClInclude>
    <ClInclude Include="src\terminal.hpp">
      <Filter>Header Files</Filter>
    </ClInclude>
    <ClInclude Include="src\tracer.hpp">
      <Filter>Header Files</Filter>
    </ClInclude>
    <ClInclude Include="src\util.hpp">
      <Filter>Header Files</Filter>
    </ClInclude>
    <ClInclude Include="src\var.hpp">
      <Filter>Header Files</Filter>
    </ClInclude>
    <ClInclude Include="src\version.hpp">
      <Filter>Header Files</Filter>
    </ClInclude>
    <ClInclude Include="src\vivify.hpp">
      <Filter>Header Files</Filter>
    </ClInclude>
    <ClInclude Include="src\watch.hpp">
      <Filter>Header Files</Filter>
    </ClInclude>
    <ClInclude Include="src\pal-win\unistd.h">
      <Filter>Windows PAL</Filter>
    </ClInclude>
    <ClInclude Include="src\pal-win\sys\resource.h">
      <Filter>Windows PAL</Filter>
    </ClInclude>
    <ClInclude Include="src\pal-win\sys\time.h">
      <Filter>Windows PAL</Filter>
    </ClInclude>
    <ClInclude Include="src\pal-win\sys\wait.h">
      <Filter>Windows PAL</Filter>
    </ClInclude>
    <ClInclude Include="src\pal-win\sys\mman.h">
      <Filter>Windows PAL</Filter>
    </ClInclude>
    <ClInclude Include="src\range.hpp">
      <Filter>Header Files</Filter>
    </ClInclude>
    <ClInclude Include="src\reap.hpp">
      <Filter>Header Files</Filter>
    </ClInclude>
    <ClInclude Include="src\inttypes.hpp">
      <Filter>Header Files</Filter>
    </ClInclude>
  </ItemGroup>
</Project>