
Microsoft Visual Studio Solution File, Format Version 12.00
# Visual Studio Version 17
VisualStudioVersion = 17.2.32422.2
MinimumVisualStudioVersion = 10.0.40219.1
Project("{8BC9CEB8-8B4A-11D0-8D11-00A0C91BC942}") = "CaDiCaL", "CaDiCaL.vcxproj", "{97003EE0-9395-4F87-9D60-2AFD0D18DB12}"
EndProject
Global
	GlobalSection(SolutionConfigurationPlatforms) = preSolution
		Debug|x64 = Debug|x64
		Library|x64 = Library|x64
		Release|x64 = Release|x64
	EndGlobalSection
	GlobalSection(ProjectConfigurationPlatforms) = postSolution
		{97003EE0-9395-4F87-9D60-2AFD0D18DB12}.Debug|x64.ActiveCfg = Debug|x64
		{97003EE0-9395-4F87-9D60-2AFD0D18DB12}.Debug|x64.Build.0 = Debug|x64
		{97003EE0-9395-4F87-9D60-2AFD0D18DB12}.Library|x64.ActiveCfg = Library|x64
		{97003EE0-9395-4F87-9D60-2AFD0D18DB12}.Library|x64.Build.0 = Library|x64
		{97003EE0-9395-4F87-9D60-2AFD0D18DB12}.Release|x64.ActiveCfg = Release|x64
		{97003EE0-9395-4F87-9D60-2AFD0D18DB12}.Release|x64.Build.0 = Release|x64
	EndGlobalSection
	GlobalSection(SolutionProperties) = preSolution
		HideSolutionNode = FALSE
	EndGlobalSection
	GlobalSection(ExtensibilityGlobals) = postSolution
		SolutionGuid = {DABEB9B3-6750-4B43-9EBF-F0BC5C76DBD2}
	EndGlobalSection
EndGlobal
